
Microsoft Visual Studio Solution File, Format Version 12.00
# Visual Studio 2012
Project("{FAE04EC0-301F-11D3-BF4B-00C04F79EFBC}") = "FileFolders", "FileFolders\FileFolders.csproj", "{349B6FA6-1A31-400C-8128-55A99C89EAB3}"
EndProject
Global
	GlobalSection(SolutionConfigurationPlatforms) = preSolution
		Debug|Any CPU = Debug|Any CPU
		Release|Any CPU = Release|Any CPU
	EndGlobalSection
	GlobalSection(ProjectConfigurationPlatforms) = postSolution
		{349B6FA6-1A31-400C-8128-55A99C89EAB3}.Debug|Any CPU.ActiveCfg = Debug|Any CPU
		{349B6FA6-1A31-400C-8128-55A99C89EAB3}.Debug|Any CPU.Build.0 = Debug|Any CPU
		{349B6FA6-1A31-400C-8128-55A99C89EAB3}.Release|Any CPU.ActiveCfg = Release|Any CPU
		{349B6FA6-1A31-400C-8128-55A99C89EAB3}.Release|Any CPU.Build.0 = Release|Any CPU
	EndGlobalSection
EndGlobal
